
Microsoft Visual Studio Solution File, Format Version 12.00
# Visual Studio Version 17
VisualStudioVersion = 17.11.35327.3
MinimumVisualStudioVersion = 10.0.40219.1
Project("{9A19103F-16F7-4668-BE54-9A1E7A4F7556}") = "AnimationTask", "AnimationTask\AnimationTask.csproj", "{855F39C1-BF65-408E-9C9C-1F22C37CB109}"
EndProject
Project("{FAE04EC0-301F-11D3-BF4B-00C04F79EFBC}") = "UserControls_Shared", "UserControls_Shared\UserControls_Shared.csproj", "{446DDF36-7241-46E1-B8DB-60C1294E2511}"
EndProject
Global
	GlobalSection(SolutionConfigurationPlatforms) = preSolution
		Debug|Any CPU = Debug|Any CPU
		Release|Any CPU = Release|Any CPU
	EndGlobalSection
	GlobalSection(ProjectConfigurationPlatforms) = postSolution
		{855F39C1-BF65-408E-9C9C-1F22C37CB109}.Debug|Any CPU.ActiveCfg = Debug|Any CPU
		{855F39C1-BF65-408E-9C9C-1F22C37CB109}.Debug|Any CPU.Build.0 = Debug|Any CPU
		{855F39C1-BF65-408E-9C9C-1F22C37CB109}.Release|Any CPU.ActiveCfg = Release|Any CPU
		{855F39C1-BF65-408E-9C9C-1F22C37CB109}.Release|Any CPU.Build.0 = Release|Any CPU
		{446DDF36-7241-46E1-B8DB-60C1294E2511}.Debug|Any CPU.ActiveCfg = Debug|Any CPU
		{446DDF36-7241-46E1-B8DB-60C1294E2511}.Debug|Any CPU.Build.0 = Debug|Any CPU
		{446DDF36-7241-46E1-B8DB-60C1294E2511}.Release|Any CPU.ActiveCfg = Release|Any CPU
		{446DDF36-7241-46E1-B8DB-60C1294E2511}.Release|Any CPU.Build.0 = Release|Any CPU
	EndGlobalSection
	GlobalSection(SolutionProperties) = preSolution
		HideSolutionNode = FALSE
	EndGlobalSection
	GlobalSection(ExtensibilityGlobals) = postSolution
		SolutionGuid = {8C899372-B180-4E50-80CF-E3A6B280700F}
	EndGlobalSection
EndGlobal
